// !$*UTF8*$!
{
	archiveVersion = 1;
	classes = {
	};
	objectVersion = 77;
	objects = {

/* Begin PBXBuildFile section */
		65041B352F6DAA450062C225 /* Kingfisher in Frameworks */ = {isa = PBXBuildFile; productRef = 65041B342F6DAA450062C225 /* Kingfisher */; };
		65041BDD2F6DAA800062C225 /* SnapshotTesting in Frameworks */ = {isa = PBXBuildFile; productRef = 65041BDC2F6DAA800062C225 /* SnapshotTesting */; };
		65041BE02F6DAA930062C225 /* Lottie in Frameworks */ = {isa = PBXBuildFile; productRef = 65041BDF2F6DAA930062C225 /* Lottie */; };
		65436DDA2F72DAEE0014EAE8 /* Apollo in Frameworks */ = {isa = PBXBuildFile; productRef = 65436DD92F72DAEE0014EAE8 /* Apollo */; };
		65436DF62F72E41F0014EAE8 /* SamplerAPI in Frameworks */ = {isa = PBXBuildFile; productRef = 65436DF52F72E41F0014EAE8 /* SamplerAPI */; };
/* End PBXBuildFile section */

/* Begin PBXContainerItemProxy section */
		65041A742F6DA9EC0062C225 /* PBXContainerItemProxy */ = {
			isa = PBXContainerItemProxy;
			containerPortal = 65041A592F6DA9EB0062C225 /* Project object */;
			proxyType = 1;
			remoteGlobalIDString = 65041A602F6DA9EB0062C225;
			remoteInfo = Sampler;
		};
/* End PBXContainerItemProxy section */

/* Begin PBXFileReference section */
		65041A612F6DA9EB0062C225 /* Sampler.app */ = {isa = PBXFileReference; explicitFileType = wrapper.application; includeInIndex = 0; path = Sampler.app; sourceTree = BUILT_PRODUCTS_DIR; };
		65041A732F6DA9EC0062C225 /* SamplerTests.xctest */ = {isa = PBXFileReference; explicitFileType = wrapper.cfbundle; includeInIndex = 0; path = SamplerTests.xctest; sourceTree = BUILT_PRODUCTS_DIR; };
/* End PBXFileReference section */

/* Begin PBXFileSystemSynchronizedBuildFileExceptionSet section */
		65436DF12F72E3CA0014EAE8 /* Exceptions for "Sampler" folder in "Sampler" target */ = {
			isa = PBXFileSystemSynchronizedBuildFileExceptionSet;
			membershipExceptions = (
				Model/API/GraphQL/graphql/ItemList.graphql,
				Model/API/GraphQL/graphql/ItemListPage.graphql,
			);
			target = 65041A602F6DA9EB0062C225 /* Sampler */;
		};
/* End PBXFileSystemSynchronizedBuildFileExceptionSet section */

/* Begin PBXFileSystemSynchronizedRootGroup section */
		65041A632F6DA9EB0062C225 /* Sampler */ = {
			isa = PBXFileSystemSynchronizedRootGroup;
			exceptions = (
				65436DF12F72E3CA0014EAE8 /* Exceptions for "Sampler" folder in "Sampler" target */,
			);
			path = Sampler;
			sourceTree = "<group>";
		};
		65041A762F6DA9EC0062C225 /* SamplerTests */ = {
			isa = PBXFileSystemSynchronizedRootGroup;
			path = SamplerTests;
			sourceTree = "<group>";
		};
/* End PBXFileSystemSynchronizedRootGroup section */

/* Begin PBXFrameworksBuildPhase section */
		65041A5E2F6DA9EB0062C225 /* Frameworks */ = {
			isa = PBXFrameworksBuildPhase;
			buildActionMask = 2147483647;
			files = (
				65436DF62F72E41F0014EAE8 /* SamplerAPI in Frameworks */,
				65041B352F6DAA450062C225 /* Kingfisher in Frameworks */,
				65436DDA2F72DAEE0014EAE8 /* Apollo in Frameworks */,
				65041BE02F6DAA930062C225 /* Lottie in Frameworks */,
			);
			runOnlyForDeploymentPostprocessing = 0;
		};
		65041A702F6DA9EC0062C225 /* Frameworks */ = {
			isa = PBXFrameworksBuildPhase;
			buildActionMask = 2147483647;
			files = (
				65041BDD2F6DAA800062C225 /* SnapshotTesting in Frameworks */,
			);
			runOnlyForDeploymentPostprocessing = 0;
		};
/* End PBXFrameworksBuildPhase section */

/* Begin PBXGroup section */
		65041A582F6DA9EB0062C225 = {
			isa = PBXGroup;
			children = (
				65041A632F6DA9EB0062C225 /* Sampler */,
				65041A762F6DA9EC0062C225 /* SamplerTests */,
				65041A622F6DA9EB0062C225 /* Products */,
			);
			sourceTree = "<group>";
		};
		65041A622F6DA9EB0062C225 /* Products */ = {
			isa = PBXGroup;
			children = (
				65041A612F6DA9EB0062C225 /* Sampler.app */,
				65041A732F6DA9EC0062C225 /* SamplerTests.xctest */,
			);
			name = Products;
			sourceTree = "<group>";
		};
/* End PBXGroup section */

/* Begin PBXNativeTarget section */
		65041A602F6DA9EB0062C225 /* Sampler */ = {
			isa = PBXNativeTarget;
			buildConfigurationList = 65041A872F6DA9EC0062C225 /* Build configuration list for PBXNativeTarget "Sampler" */;
			buildPhases = (
				65041A5D2F6DA9EB0062C225 /* Sources */,
				65041A5E2F6DA9EB0062C225 /* Frameworks */,
				65041A5F2F6DA9EB0062C225 /* Resources */,
			);
			buildRules = (
			);
			dependencies = (
			);
			fileSystemSynchronizedGroups = (
				65041A632F6DA9EB0062C225 /* Sampler */,
			);
			name = Sampler;
			packageProductDependencies = (
				65041B342F6DAA450062C225 /* Kingfisher */,
				65041BDF2F6DAA930062C225 /* Lottie */,
				65436DD92F72DAEE0014EAE8 /* Apollo */,
				65436DF52F72E41F0014EAE8 /* SamplerAPI */,
			);
			productName = Sampler;
			productReference = 65041A612F6DA9EB0062C225 /* Sampler.app */;
			productType = "com.apple.product-type.application";
		};
		65041A722F6DA9EC0062C225 /* SamplerTests */ = {
			isa = PBXNativeTarget;
			buildConfigurationList = 65041A8A2F6DA9EC0062C225 /* Build configuration list for PBXNativeTarget "SamplerTests" */;
			buildPhases = (
				65041A6F2F6DA9EC0062C225 /* Sources */,
				65041A702F6DA9EC0062C225 /* Frameworks */,
				65041A712F6DA9EC0062C225 /* Resources */,
			);
			buildRules = (
			);
			dependencies = (
				65041A752F6DA9EC0062C225 /* PBXTargetDependency */,
			);
			fileSystemSynchronizedGroups = (
				65041A762F6DA9EC0062C225 /* SamplerTests */,
			);
			name = SamplerTests;
			packageProductDependencies = (
				65041BDC2F6DAA800062C225 /* SnapshotTesting */,
			);
			productName = SamplerTests;
			productReference = 65041A732F6DA9EC0062C225 /* SamplerTests.xctest */;
			productType = "com.apple.product-type.bundle.unit-test";
		};
/* End PBXNativeTarget section */

/* Begin PBXProject section */
		65041A592F6DA9EB0062C225 /* Project object */ = {
			isa = PBXProject;
			attributes = {
				BuildIndependentTargetsInParallel = 1;
				LastSwiftUpdateCheck = 2630;
				LastUpgradeCheck = 2630;
				TargetAttributes = {
					65041A602F6DA9EB0062C225 = {
						CreatedOnToolsVersion = 26.3;
					};
					65041A722F6DA9EC0062C225 = {
						CreatedOnToolsVersion = 26.3;
						TestTargetID = 65041A602F6DA9EB0062C225;
					};
				};
			};
			buildConfigurationList = 65041A5C2F6DA9EB0062C225 /* Build configuration list for PBXProject "Sampler" */;
			developmentRegion = en;
			hasScannedForEncodings = 0;
			knownRegions = (
				en,
				Base,
			);
			mainGroup = 65041A582F6DA9EB0062C225;
			minimizedProjectReferenceProxies = 1;
			packageReferences = (
				65041B332F6DAA450062C225 /* XCRemoteSwiftPackageReference "Kingfisher" */,
				65041BDB2F6DAA800062C225 /* XCRemoteSwiftPackageReference "swift-snapshot-testing" */,
				65041BDE2F6DAA930062C225 /* XCRemoteSwiftPackageReference "lottie-spm" */,
				65436DD82F72DAEE0014EAE8 /* XCRemoteSwiftPackageReference "apollo-ios" */,
				65436DF42F72E41F0014EAE8 /* XCLocalSwiftPackageReference "Sampler/Model/API/GraphQL/SamplerAPI" */,
			);
			preferredProjectObjectVersion = 77;
			productRefGroup = 65041A622F6DA9EB0062C225 /* Products */;
			projectDirPath = "";
			projectRoot = "";
			targets = (
				65041A602F6DA9EB0062C225 /* Sampler */,
				65041A722F6DA9EC0062C225 /* SamplerTests */,
			);
		};
/* End PBXProject section */

/* Begin PBXResourcesBuildPhase section */
		65041A5F2F6DA9EB0062C225 /* Resources */ = {
			isa = PBXResourcesBuildPhase;
			buildActionMask = 2147483647;
			files = (
			);
			runOnlyForDeploymentPostprocessing = 0;
		};
		65041A712F6DA9EC0062C225 /* Resources */ = {
			isa = PBXResourcesBuildPhase;
			buildActionMask = 2147483647;
			files = (
			);
			runOnlyForDeploymentPostprocessing = 0;
		};
/* End PBXResourcesBuildPhase section */

/* Begin PBXSourcesBuildPhase section */
		65041A5D2F6DA9EB0062C225 /* Sources */ = {
			isa = PBXSourcesBuildPhase;
			buildActionMask = 2147483647;
			files = (
			);
			runOnlyForDeploymentPostprocessing = 0;
		};
		65041A6F2F6DA9EC0062C225 /* Sources */ = {
			isa = PBXSourcesBuildPhase;
			buildActionMask = 2147483647;
			files = (
			);
			runOnlyForDeploymentPostprocessing = 0;
		};
/* End PBXSourcesBuildPhase section */

/* Begin PBXTargetDependency section */
		65041A752F6DA9EC0062C225 /* PBXTargetDependency */ = {
			isa = PBXTargetDependency;
			target = 65041A602F6DA9EB0062C225 /* Sampler */;
			targetProxy = 65041A742F6DA9EC0062C225 /* PBXContainerItemProxy */;
		};
/* End PBXTargetDependency section */

/* Begin XCBuildConfiguration section */
		65041A852F6DA9EC0062C225 /* Debug */ = {
			isa = XCBuildConfiguration;
			buildSettings = {
				ALWAYS_SEARCH_USER_PATHS = NO;
				ASSETCATALOG_COMPILER_GENERATE_SWIFT_ASSET_SYMBOL_EXTENSIONS = YES;
				CLANG_ANALYZER_NONNULL = YES;
				CLANG_ANALYZER_NUMBER_OBJECT_CONVERSION = YES_AGGRESSIVE;
				CLANG_CXX_LANGUAGE_STANDARD = "gnu++20";
				CLANG_ENABLE_MODULES = YES;
				CLANG_ENABLE_OBJC_ARC = YES;
				CLANG_ENABLE_OBJC_WEAK = YES;
				CLANG_WARN_BLOCK_CAPTURE_AUTORELEASING = YES;
				CLANG_WARN_BOOL_CONVERSION = YES;
				CLANG_WARN_COMMA = YES;
				CLANG_WARN_CONSTANT_CONVERSION = YES;
				CLANG_WARN_DEPRECATED_OBJC_IMPLEMENTATIONS = YES;
				CLANG_WARN_DIRECT_OBJC_ISA_USAGE = YES_ERROR;
				CLANG_WARN_DOCUMENTATION_COMMENTS = YES;
				CLANG_WARN_EMPTY_BODY = YES;
				CLANG_WARN_ENUM_CONVERSION = YES;
				CLANG_WARN_INFINITE_RECURSION = YES;
				CLANG_WARN_INT_CONVERSION = YES;
				CLANG_WARN_NON_LITERAL_NULL_CONVERSION = YES;
				CLANG_WARN_OBJC_IMPLICIT_RETAIN_SELF = YES;
				CLANG_WARN_OBJC_LITERAL_CONVERSION = YES;
				CLANG_WARN_OBJC_ROOT_CLASS = YES_ERROR;
				CLANG_WARN_QUOTED_INCLUDE_IN_FRAMEWORK_HEADER = YES;
				CLANG_WARN_RANGE_LOOP_ANALYSIS = YES;
				CLANG_WARN_STRICT_PROTOTYPES = YES;
				CLANG_WARN_SUSPICIOUS_MOVE = YES;
				CLANG_WARN_UNGUARDED_AVAILABILITY = YES_AGGRESSIVE;
				CLANG_WARN_UNREACHABLE_CODE = YES;
				CLANG_WARN__DUPLICATE_METHOD_MATCH = YES;
				COPY_PHASE_STRIP = NO;
				DEBUG_INFORMATION_FORMAT = dwarf;
				ENABLE_STRICT_OBJC_MSGSEND = YES;
				ENABLE_TESTABILITY = YES;
				ENABLE_USER_SCRIPT_SANDBOXING = YES;
				GCC_C_LANGUAGE_STANDARD = gnu17;
				GCC_DYNAMIC_NO_PIC = NO;
				GCC_NO_COMMON_BLOCKS = YES;
				GCC_OPTIMIZATION_LEVEL = 0;
				GCC_PREPROCESSOR_DEFINITIONS = (
					"DEBUG=1",
					"$(inherited)",
				);
				GCC_WARN_64_TO_32_BIT_CONVERSION = YES;
				GCC_WARN_ABOUT_RETURN_TYPE = YES_ERROR;
				GCC_WARN_UNDECLARED_SELECTOR = YES;
				GCC_WARN_UNINITIALIZED_AUTOS = YES_AGGRESSIVE;
				GCC_WARN_UNUSED_FUNCTION = YES;
				GCC_WARN_UNUSED_VARIABLE = YES;
				IPHONEOS_DEPLOYMENT_TARGET = 26.2;
				LOCALIZATION_PREFERS_STRING_CATALOGS = YES;
				MTL_ENABLE_DEBUG_INFO = INCLUDE_SOURCE;
				MTL_FAST_MATH = YES;
				ONLY_ACTIVE_ARCH = YES;
				SDKROOT = iphoneos;
				SWIFT_ACTIVE_COMPILATION_CONDITIONS = "DEBUG $(inherited)";
				SWIFT_OPTIMIZATION_LEVEL = "-Onone";
			};
			name = Debug;
		};
		65041A862F6DA9EC0062C225 /* Release */ = {
			isa = XCBuildConfiguration;
			buildSettings = {
				ALWAYS_SEARCH_USER_PATHS = NO;
				ASSETCATALOG_COMPILER_GENERATE_SWIFT_ASSET_SYMBOL_EXTENSIONS = YES;
				CLANG_ANALYZER_NONNULL = YES;
				CLANG_ANALYZER_NUMBER_OBJECT_CONVERSION = YES_AGGRESSIVE;
				CLANG_CXX_LANGUAGE_STANDARD = "gnu++20";
				CLANG_ENABLE_MODULES = YES;
				CLANG_ENABLE_OBJC_ARC = YES;
				CLANG_ENABLE_OBJC_WEAK = YES;
				CLANG_WARN_BLOCK_CAPTURE_AUTORELEASING = YES;
				CLANG_WARN_BOOL_CONVERSION = YES;
				CLANG_WARN_COMMA = YES;
				CLANG_WARN_CONSTANT_CONVERSION = YES;
				CLANG_WARN_DEPRECATED_OBJC_IMPLEMENTATIONS = YES;
				CLANG_WARN_DIRECT_OBJC_ISA_USAGE = YES_ERROR;
				CLANG_WARN_DOCUMENTATION_COMMENTS = YES;
				CLANG_WARN_EMPTY_BODY = YES;
				CLANG_WARN_ENUM_CONVERSION = YES;
				CLANG_WARN_INFINITE_RECURSION = YES;
				CLANG_WARN_INT_CONVERSION = YES;
				CLANG_WARN_NON_LITERAL_NULL_CONVERSION = YES;
				CLANG_WARN_OBJC_IMPLICIT_RETAIN_SELF = YES;
				CLANG_WARN_OBJC_LITERAL_CONVERSION = YES;
				CLANG_WARN_OBJC_ROOT_CLASS = YES_ERROR;
				CLANG_WARN_QUOTED_INCLUDE_IN_FRAMEWORK_HEADER = YES;
				CLANG_WARN_RANGE_LOOP_ANALYSIS = YES;
				CLANG_WARN_STRICT_PROTOTYPES = YES;
				CLANG_WARN_SUSPICIOUS_MOVE = YES;
				CLANG_WARN_UNGUARDED_AVAILABILITY = YES_AGGRESSIVE;
				CLANG_WARN_UNREACHABLE_CODE = YES;
				CLANG_WARN__DUPLICATE_METHOD_MATCH = YES;
				COPY_PHASE_STRIP = NO;
				DEBUG_INFORMATION_FORMAT = "dwarf-with-dsym";
				ENABLE_NS_ASSERTIONS = NO;
				ENABLE_STRICT_OBJC_MSGSEND = YES;
				ENABLE_USER_SCRIPT_SANDBOXING = YES;
				GCC_C_LANGUAGE_STANDARD = gnu17;
				GCC_NO_COMMON_BLOCKS = YES;
				GCC_WARN_64_TO_32_BIT_CONVERSION = YES;
				GCC_WARN_ABOUT_RETURN_TYPE = YES_ERROR;
				GCC_WARN_UNDECLARED_SELECTOR = YES;
				GCC_WARN_UNINITIALIZED_AUTOS = YES_AGGRESSIVE;
				GCC_WARN_UNUSED_FUNCTION = YES;
				GCC_WARN_UNUSED_VARIABLE = YES;
				IPHONEOS_DEPLOYMENT_TARGET = 26.2;
				LOCALIZATION_PREFERS_STRING_CATALOGS = YES;
				MTL_ENABLE_DEBUG_INFO = NO;
				MTL_FAST_MATH = YES;
				SDKROOT = iphoneos;
				SWIFT_COMPILATION_MODE = wholemodule;
				VALIDATE_PRODUCT = YES;
			};
			name = Release;
		};
		65041A882F6DA9EC0062C225 /* Debug */ = {
			isa = XCBuildConfiguration;
			buildSettings = {
				ASSETCATALOG_COMPILER_APPICON_NAME = AppIcon;
				ASSETCATALOG_COMPILER_GLOBAL_ACCENT_COLOR_NAME = AccentColor;
				CODE_SIGN_STYLE = Automatic;
				CURRENT_PROJECT_VERSION = 1;
				ENABLE_PREVIEWS = YES;
				GENERATE_INFOPLIST_FILE = YES;
				INFOPLIST_KEY_UIApplicationSceneManifest_Generation = YES;
				INFOPLIST_KEY_UIApplicationSupportsIndirectInputEvents = YES;
				INFOPLIST_KEY_UILaunchScreen_Generation = YES;
				INFOPLIST_KEY_UISupportedInterfaceOrientations = UIInterfaceOrientationPortrait;
				INFOPLIST_KEY_UISupportedInterfaceOrientations_iPad = "UIInterfaceOrientationLandscapeLeft UIInterfaceOrientationLandscapeRight UIInterfaceOrientationPortrait UIInterfaceOrientationPortraitUpsideDown";
				LD_RUNPATH_SEARCH_PATHS = (
					"$(inherited)",
					"@executable_path/Frameworks",
				);
				MARKETING_VERSION = 1.0;
				PRODUCT_BUNDLE_IDENTIFIER = danielsinclairtill.Sampler;
				PRODUCT_NAME = "$(TARGET_NAME)";
				STRING_CATALOG_GENERATE_SYMBOLS = YES;
				SWIFT_APPROACHABLE_CONCURRENCY = YES;
				SWIFT_DEFAULT_ACTOR_ISOLATION = MainActor;
				SWIFT_EMIT_LOC_STRINGS = YES;
				SWIFT_UPCOMING_FEATURE_MEMBER_IMPORT_VISIBILITY = YES;
				SWIFT_VERSION = 5.0;
				TARGETED_DEVICE_FAMILY = "1,2";
			};
			name = Debug;
		};
		65041A892F6DA9EC0062C225 /* Release */ = {
			isa = XCBuildConfiguration;
			buildSettings = {
				ASSETCATALOG_COMPILER_APPICON_NAME = AppIcon;
				ASSETCATALOG_COMPILER_GLOBAL_ACCENT_COLOR_NAME = AccentColor;
				CODE_SIGN_STYLE = Automatic;
				CURRENT_PROJECT_VERSION = 1;
				ENABLE_PREVIEWS = YES;
				GENERATE_INFOPLIST_FILE = YES;
				INFOPLIST_KEY_UIApplicationSceneManifest_Generation = YES;
				INFOPLIST_KEY_UIApplicationSupportsIndirectInputEvents = YES;
				INFOPLIST_KEY_UILaunchScreen_Generation = YES;
				INFOPLIST_KEY_UISupportedInterfaceOrientations = UIInterfaceOrientationPortrait;
				INFOPLIST_KEY_UISupportedInterfaceOrientations_iPad = "UIInterfaceOrientationLandscapeLeft UIInterfaceOrientationLandscapeRight UIInterfaceOrientationPortrait UIInterfaceOrientationPortraitUpsideDown";
				LD_RUNPATH_SEARCH_PATHS = (
					"$(inherited)",
					"@executable_path/Frameworks",
				);
				MARKETING_VERSION = 1.0;
				PRODUCT_BUNDLE_IDENTIFIER = danielsinclairtill.Sampler;
				PRODUCT_NAME = "$(TARGET_NAME)";
				STRING_CATALOG_GENERATE_SYMBOLS = YES;
				SWIFT_APPROACHABLE_CONCURRENCY = YES;
				SWIFT_DEFAULT_ACTOR_ISOLATION = MainActor;
				SWIFT_EMIT_LOC_STRINGS = YES;
				SWIFT_UPCOMING_FEATURE_MEMBER_IMPORT_VISIBILITY = YES;
				SWIFT_VERSION = 5.0;
				TARGETED_DEVICE_FAMILY = "1,2";
			};
			name = Release;
		};
		65041A8B2F6DA9EC0062C225 /* Debug */ = {
			isa = XCBuildConfiguration;
			buildSettings = {
				BUNDLE_LOADER = "$(TEST_HOST)";
				CODE_SIGN_STYLE = Automatic;
				CURRENT_PROJECT_VERSION = 1;
				GENERATE_INFOPLIST_FILE = YES;
				IPHONEOS_DEPLOYMENT_TARGET = 26.2;
				MARKETING_VERSION = 1.0;
				PRODUCT_BUNDLE_IDENTIFIER = danielsinclairtill.SamplerTests;
				PRODUCT_NAME = "$(TARGET_NAME)";
				STRING_CATALOG_GENERATE_SYMBOLS = NO;
				SWIFT_APPROACHABLE_CONCURRENCY = YES;
				SWIFT_EMIT_LOC_STRINGS = NO;
				SWIFT_UPCOMING_FEATURE_MEMBER_IMPORT_VISIBILITY = YES;
				SWIFT_VERSION = 5.0;
				TARGETED_DEVICE_FAMILY = "1,2";
				TEST_HOST = "$(BUILT_PRODUCTS_DIR)/Sampler.app/$(BUNDLE_EXECUTABLE_FOLDER_PATH)/Sampler";
			};
			name = Debug;
		};
		65041A8C2F6DA9EC0062C225 /* Release */ = {
			isa = XCBuildConfiguration;
			buildSettings = {
				BUNDLE_LOADER = "$(TEST_HOST)";
				CODE_SIGN_STYLE = Automatic;
				CURRENT_PROJECT_VERSION = 1;
				GENERATE_INFOPLIST_FILE = YES;
				IPHONEOS_DEPLOYMENT_TARGET = 26.2;
				MARKETING_VERSION = 1.0;
				PRODUCT_BUNDLE_IDENTIFIER = danielsinclairtill.SamplerTests;
				PRODUCT_NAME = "$(TARGET_NAME)";
				STRING_CATALOG_GENERATE_SYMBOLS = NO;
				SWIFT_APPROACHABLE_CONCURRENCY = YES;
				SWIFT_EMIT_LOC_STRINGS = NO;
				SWIFT_UPCOMING_FEATURE_MEMBER_IMPORT_VISIBILITY = YES;
				SWIFT_VERSION = 5.0;
				TARGETED_DEVICE_FAMILY = "1,2";
				TEST_HOST = "$(BUILT_PRODUCTS_DIR)/Sampler.app/$(BUNDLE_EXECUTABLE_FOLDER_PATH)/Sampler";
			};
			name = Release;
		};
/* End XCBuildConfiguration section */

/* Begin XCConfigurationList section */
		65041A5C2F6DA9EB0062C225 /* Build configuration list for PBXProject "Sampler" */ = {
			isa = XCConfigurationList;
			buildConfigurations = (
				65041A852F6DA9EC0062C225 /* Debug */,
				65041A862F6DA9EC0062C225 /* Release */,
			);
			defaultConfigurationIsVisible = 0;
			defaultConfigurationName = Release;
		};
		65041A872F6DA9EC0062C225 /* Build configuration list for PBXNativeTarget "Sampler" */ = {
			isa = XCConfigurationList;
			buildConfigurations = (
				65041A882F6DA9EC0062C225 /* Debug */,
				65041A892F6DA9EC0062C225 /* Release */,
			);
			defaultConfigurationIsVisible = 0;
			defaultConfigurationName = Release;
		};
		65041A8A2F6DA9EC0062C225 /* Build configuration list for PBXNativeTarget "SamplerTests" */ = {
			isa = XCConfigurationList;
			buildConfigurations = (
				65041A8B2F6DA9EC0062C225 /* Debug */,
				65041A8C2F6DA9EC0062C225 /* Release */,
			);
			defaultConfigurationIsVisible = 0;
			defaultConfigurationName = Release;
		};
/* End XCConfigurationList section */

/* Begin XCLocalSwiftPackageReference section */
		65436DF42F72E41F0014EAE8 /* XCLocalSwiftPackageReference "Sampler/Model/API/GraphQL/SamplerAPI" */ = {
			isa = XCLocalSwiftPackageReference;
			relativePath = Sampler/Model/API/GraphQL/SamplerAPI;
		};
/* End XCLocalSwiftPackageReference section */

/* Begin XCRemoteSwiftPackageReference section */
		65041B332F6DAA450062C225 /* XCRemoteSwiftPackageReference "Kingfisher" */ = {
			isa = XCRemoteSwiftPackageReference;
			repositoryURL = "https://github.com/onevcat/Kingfisher.git";
			requirement = {
				kind = upToNextMajorVersion;
				minimumVersion = 8.8.0;
			};
		};
		65041BDB2F6DAA800062C225 /* XCRemoteSwiftPackageReference "swift-snapshot-testing" */ = {
			isa = XCRemoteSwiftPackageReference;
			repositoryURL = "https://github.com/pointfreeco/swift-snapshot-testing";
			requirement = {
				kind = upToNextMajorVersion;
				minimumVersion = 1.19.1;
			};
		};
		65041BDE2F6DAA930062C225 /* XCRemoteSwiftPackageReference "lottie-spm" */ = {
			isa = XCRemoteSwiftPackageReference;
			repositoryURL = "https://github.com/airbnb/lottie-spm.git";
			requirement = {
				kind = upToNextMajorVersion;
				minimumVersion = 4.6.0;
			};
		};
		65436DD82F72DAEE0014EAE8 /* XCRemoteSwiftPackageReference "apollo-ios" */ = {
			isa = XCRemoteSwiftPackageReference;
			repositoryURL = "https://github.com/apollographql/apollo-ios.git";
			requirement = {
				kind = upToNextMajorVersion;
				minimumVersion = 2.0.6;
			};
		};
/* End XCRemoteSwiftPackageReference section */

/* Begin XCSwiftPackageProductDependency section */
		65041B342F6DAA450062C225 /* Kingfisher */ = {
			isa = XCSwiftPackageProductDependency;
			package = 65041B332F6DAA450062C225 /* XCRemoteSwiftPackageReference "Kingfisher" */;
			productName = Kingfisher;
		};
		65041BDC2F6DAA800062C225 /* SnapshotTesting */ = {
			isa = XCSwiftPackageProductDependency;
			package = 65041BDB2F6DAA800062C225 /* XCRemoteSwiftPackageReference "swift-snapshot-testing" */;
			productName = SnapshotTesting;
		};
		65041BDF2F6DAA930062C225 /* Lottie */ = {
			isa = XCSwiftPackageProductDependency;
			package = 65041BDE2F6DAA930062C225 /* XCRemoteSwiftPackageReference "lottie-spm" */;
			productName = Lottie;
		};
		65436DD92F72DAEE0014EAE8 /* Apollo */ = {
			isa = XCSwiftPackageProductDependency;
			package = 65436DD82F72DAEE0014EAE8 /* XCRemoteSwiftPackageReference "apollo-ios" */;
			productName = Apollo;
		};
		65436DF52F72E41F0014EAE8 /* SamplerAPI */ = {
			isa = XCSwiftPackageProductDependency;
			productName = SamplerAPI;
		};
/* End XCSwiftPackageProductDependency section */
	};
	rootObject = 65041A592F6DA9EB0062C225 /* Project object */;
}
